
Microsoft Visual Studio Solution File, Format Version 12.00
# Visual Studio Version 16
VisualStudioVersion = 16.0.30907.101
MinimumVisualStudioVersion = 10.0.40219.1
Project("{FAE04EC0-301F-11D3-BF4B-00C04F79EFBC}") = "Epi Info Box Data Download", "Epi Info Box Data Download.csproj", "{606550F9-3E08-423D-BB4E-83B651B80295}"
EndProject
Global
	GlobalSection(SolutionConfigurationPlatforms) = preSolution
		Debug|Any CPU = Debug|Any CPU
		Release|Any CPU = Release|Any CPU
	EndGlobalSection
	GlobalSection(ProjectConfigurationPlatforms) = postSolution
		{606550F9-3E08-423D-BB4E-83B651B80295}.Debug|Any CPU.ActiveCfg = Debug|Any CPU
		{606550F9-3E08-423D-BB4E-83B651B80295}.Debug|Any CPU.Build.0 = Debug|Any CPU
		{606550F9-3E08-423D-BB4E-83B651B80295}.Release|Any CPU.ActiveCfg = Release|Any CPU
		{606550F9-3E08-423D-BB4E-83B651B80295}.Release|Any CPU.Build.0 = Release|Any CPU
	EndGlobalSection
	GlobalSection(SolutionProperties) = preSolution
		HideSolutionNode = FALSE
	EndGlobalSection
	GlobalSection(ExtensibilityGlobals) = postSolution
		SolutionGuid = {482359D1-4D29-4285-8778-C8C0A58F8FBC}
	EndGlobalSection
EndGlobal
